
Microsoft Visual Studio Solution File, Format Version 12.00
# Visual Studio Version 16
VisualStudioVersion = 16.0.29306.81
MinimumVisualStudioVersion = 10.0.40219.1
Project("{FAE04EC0-301F-11D3-BF4B-00C04F79EFBC}") = "Framework.WinForm", "Framework.WinForm\Framework.WinForm.csproj", "{1347C593-E63A-46DB-8CC0-320CF4414922}"
EndProject
Project("{FAE04EC0-301F-11D3-BF4B-00C04F79EFBC}") = "Framework.Core", "Framework.Core\Framework.Core.csproj", "{6A86BCA4-39E7-4F49-AC6D-E5C14E445886}"
EndProject
Project("{FAE04EC0-301F-11D3-BF4B-00C04F79EFBC}") = "References", "References\References.csproj", "{0B84D995-D959-4236-B194-49387665F65F}"
EndProject
Global
	GlobalSection(SolutionConfigurationPlatforms) = preSolution
		Debug|Any CPU = Debug|Any CPU
		Release|Any CPU = Release|Any CPU
	EndGlobalSection
	GlobalSection(ProjectConfigurationPlatforms) = postSolution
		{1347C593-E63A-46DB-8CC0-320CF4414922}.Debug|Any CPU.ActiveCfg = Debug|Any CPU
		{1347C593-E63A-46DB-8CC0-320CF4414922}.Debug|Any CPU.Build.0 = Debug|Any CPU
		{1347C593-E63A-46DB-8CC0-320CF4414922}.Release|Any CPU.ActiveCfg = Release|Any CPU
		{1347C593-E63A-46DB-8CC0-320CF4414922}.Release|Any CPU.Build.0 = Release|Any CPU
		{6A86BCA4-39E7-4F49-AC6D-E5C14E445886}.Debug|Any CPU.ActiveCfg = Debug|Any CPU
		{6A86BCA4-39E7-4F49-AC6D-E5C14E445886}.Debug|Any CPU.Build.0 = Debug|Any CPU
		{6A86BCA4-39E7-4F49-AC6D-E5C14E445886}.Release|Any CPU.ActiveCfg = Release|Any CPU
		{6A86BCA4-39E7-4F49-AC6D-E5C14E445886}.Release|Any CPU.Build.0 = Release|Any CPU
		{0B84D995-D959-4236-B194-49387665F65F}.Debug|Any CPU.ActiveCfg = Debug|Any CPU
		{0B84D995-D959-4236-B194-49387665F65F}.Debug|Any CPU.Build.0 = Debug|Any CPU
		{0B84D995-D959-4236-B194-49387665F65F}.Release|Any CPU.ActiveCfg = Release|Any CPU
		{0B84D995-D959-4236-B194-49387665F65F}.Release|Any CPU.Build.0 = Release|Any CPU
	EndGlobalSection
	GlobalSection(SolutionProperties) = preSolution
		HideSolutionNode = FALSE
	EndGlobalSection
	GlobalSection(ExtensibilityGlobals) = postSolution
		SolutionGuid = {69B00023-0D6D-4017-B3C1-4282AEEA557F}
	EndGlobalSection
EndGlobal
